// !$*UTF8*$!
{
	archiveVersion = 1;
	classes = {
	};
	objectVersion = 46;
	objects = {

/* Begin PBXBuildFile section */
		7656968E1B995244005E2080 /* SGMAlbumViewController.m in Sources */ = {isa = PBXBuildFile; fileRef = 7656968D1B995244005E2080 /* SGMAlbumViewController.m */; };
		765696911B996B86005E2080 /* SGMPhotosViewController.m in Sources */ = {isa = PBXBuildFile; fileRef = 765696901B996B86005E2080 /* SGMPhotosViewController.m */; };
		765696951B999038005E2080 /* notSelected.png in Resources */ = {isa = PBXBuildFile; fileRef = 765696921B999038005E2080 /* notSelected.png */; };
		765696971B999038005E2080 /* selected.png in Resources */ = {isa = PBXBuildFile; fileRef = 765696941B999038005E2080 /* selected.png */; };
		76B977C51B9846DF009FA150 /* main.m in Sources */ = {isa = PBXBuildFile; fileRef = 76B977C41B9846DF009FA150 /* main.m */; };
		76B977C81B9846DF009FA150 /* AppDelegate.m in Sources */ = {isa = PBXBuildFile; fileRef = 76B977C71B9846DF009FA150 /* AppDelegate.m */; };
		76B977CB1B9846DF009FA150 /* ViewController.m in Sources */ = {isa = PBXBuildFile; fileRef = 76B977CA1B9846DF009FA150 /* ViewController.m */; };
		76B977D01B9846DF009FA150 /* Images.xcassets in Resources */ = {isa = PBXBuildFile; fileRef = 76B977CF1B9846DF009FA150 /* Images.xcassets */; };
		76B977DF1B9846E0009FA150 /* WeiXinPhotoTests.m in Sources */ = {isa = PBXBuildFile; fileRef = 76B977DE1B9846E0009FA150 /* WeiXinPhotoTests.m */; };
		76E991BE1B9AF83600C1F64E /* sample.png in Resources */ = {isa = PBXBuildFile; fileRef = 76E991BD1B9AF83600C1F64E /* sample.png */; };
		EC647CB61C0EA5250065C6F1 /* DNPhotoBrowser.m in Sources */ = {isa = PBXBuildFile; fileRef = EC647CB51C0EA5250065C6F1 /* DNPhotoBrowser.m */; };
		EC647CBD1C0EAEE30065C6F1 /* DNBrowserCell.m in Sources */ = {isa = PBXBuildFile; fileRef = EC647CB81C0EAEE30065C6F1 /* DNBrowserCell.m */; };
		EC647CBE1C0EAEE30065C6F1 /* DNFullImageButton.m in Sources */ = {isa = PBXBuildFile; fileRef = EC647CBA1C0EAEE30065C6F1 /* DNFullImageButton.m */; };
		EC647CBF1C0EAEE30065C6F1 /* DNSendButton.m in Sources */ = {isa = PBXBuildFile; fileRef = EC647CBC1C0EAEE30065C6F1 /* DNSendButton.m */; };
		EC647CC21C0EAEED0065C6F1 /* UIView+DNImagePicker.m in Sources */ = {isa = PBXBuildFile; fileRef = EC647CC11C0EAEED0065C6F1 /* UIView+DNImagePicker.m */; };
		EC647CC71C0EAFA10065C6F1 /* MWTapDetectingImageView.m in Sources */ = {isa = PBXBuildFile; fileRef = EC647CC41C0EAFA10065C6F1 /* MWTapDetectingImageView.m */; };
		EC647CC81C0EAFA10065C6F1 /* UIColor+Hex.m in Sources */ = {isa = PBXBuildFile; fileRef = EC647CC61C0EAFA10065C6F1 /* UIColor+Hex.m */; };
/* End PBXBuildFile section */

/* Begin PBXContainerItemProxy section */
		76B977D91B9846E0009FA150 /* PBXContainerItemProxy */ = {
			isa = PBXContainerItemProxy;
			containerPortal = 76B977B71B9846DF009FA150 /* Project object */;
			proxyType = 1;
			remoteGlobalIDString = 76B977BE1B9846DF009FA150;
			remoteInfo = WeiXinPhoto;
		};
/* End PBXContainerItemProxy section */

/* Begin PBXFileReference section */
		7656968C1B995244005E2080 /* SGMAlbumViewController.h */ = {isa = PBXFileReference; fileEncoding = 4; lastKnownFileType = sourcecode.c.h; path = SGMAlbumViewController.h; sourceTree = "<group>"; };
		7656968D1B995244005E2080 /* SGMAlbumViewController.m */ = {isa = PBXFileReference; fileEncoding = 4; lastKnownFileType = sourcecode.c.objc; path = SGMAlbumViewController.m; sourceTree = "<group>"; };
		7656968F1B996B86005E2080 /* SGMPhotosViewController.h */ = {isa = PBXFileReference; fileEncoding = 4; lastKnownFileType = sourcecode.c.h; path = SGMPhotosViewController.h; sourceTree = "<group>"; };
		765696901B996B86005E2080 /* SGMPhotosViewController.m */ = {isa = PBXFileReference; fileEncoding = 4; lastKnownFileType = sourcecode.c.objc; path = SGMPhotosViewController.m; sourceTree = "<group>"; };
		765696921B999038005E2080 /* notSelected.png */ = {isa = PBXFileReference; lastKnownFileType = image.png; path = notSelected.png; sourceTree = "<group>"; };
		765696941B999038005E2080 /* selected.png */ = {isa = PBXFileReference; lastKnownFileType = image.png; path = selected.png; sourceTree = "<group>"; };
		76B977BF1B9846DF009FA150 /* WeiXinPhoto.app */ = {isa = PBXFileReference; explicitFileType = wrapper.application; includeInIndex = 0; path = WeiXinPhoto.app; sourceTree = BUILT_PRODUCTS_DIR; };
		76B977C31B9846DF009FA150 /* Info.plist */ = {isa = PBXFileReference; lastKnownFileType = text.plist.xml; path = Info.plist; sourceTree = "<group>"; };
		76B977C41B9846DF009FA150 /* main.m */ = {isa = PBXFileReference; lastKnownFileType = sourcecode.c.objc; path = main.m; sourceTree = "<group>"; };
		76B977C61B9846DF009FA150 /* AppDelegate.h */ = {isa = PBXFileReference; lastKnownFileType = sourcecode.c.h; path = AppDelegate.h; sourceTree = "<group>"; };
		76B977C71B9846DF009FA150 /* AppDelegate.m */ = {isa = PBXFileReference; lastKnownFileType = sourcecode.c.objc; path = AppDelegate.m; sourceTree = "<group>"; };
		76B977C91B9846DF009FA150 /* ViewController.h */ = {isa = PBXFileReference; lastKnownFileType = sourcecode.c.h; path = ViewController.h; sourceTree = "<group>"; };
		76B977CA1B9846DF009FA150 /* ViewController.m */ = {isa = PBXFileReference; lastKnownFileType = sourcecode.c.objc; path = ViewController.m; sourceTree = "<group>"; };
		76B977CF1B9846DF009FA150 /* Images.xcassets */ = {isa = PBXFileReference; lastKnownFileType = folder.assetcatalog; path = Images.xcassets; sourceTree = "<group>"; };
		76B977D81B9846E0009FA150 /* WeiXinPhotoTests.xctest */ = {isa = PBXFileReference; explicitFileType = wrapper.cfbundle; includeInIndex = 0; path = WeiXinPhotoTests.xctest; sourceTree = BUILT_PRODUCTS_DIR; };
		76B977DD1B9846E0009FA150 /* Info.plist */ = {isa = PBXFileReference; lastKnownFileType = text.plist.xml; path = Info.plist; sourceTree = "<group>"; };
		76B977DE1B9846E0009FA150 /* WeiXinPhotoTests.m */ = {isa = PBXFileReference; lastKnownFileType = sourcecode.c.objc; path = WeiXinPhotoTests.m; sourceTree = "<group>"; };
		76E991BD1B9AF83600C1F64E /* sample.png */ = {isa = PBXFileReference; lastKnownFileType = image.png; path = sample.png; sourceTree = "<group>"; };
		EC647CB41C0EA5250065C6F1 /* DNPhotoBrowser.h */ = {isa = PBXFileReference; fileEncoding = 4; lastKnownFileType = sourcecode.c.h; path = DNPhotoBrowser.h; sourceTree = "<group>"; };
		EC647CB51C0EA5250065C6F1 /* DNPhotoBrowser.m */ = {isa = PBXFileReference; fileEncoding = 4; lastKnownFileType = sourcecode.c.objc; path = DNPhotoBrowser.m; sourceTree = "<group>"; };
		EC647CB71C0EAEE30065C6F1 /* DNBrowserCell.h */ = {isa = PBXFileReference; fileEncoding = 4; lastKnownFileType = sourcecode.c.h; path = DNBrowserCell.h; sourceTree = "<group>"; };
		EC647CB81C0EAEE30065C6F1 /* DNBrowserCell.m */ = {isa = PBXFileReference; fileEncoding = 4; lastKnownFileType = sourcecode.c.objc; path = DNBrowserCell.m; sourceTree = "<group>"; };
		EC647CB91C0EAEE30065C6F1 /* DNFullImageButton.h */ = {isa = PBXFileReference; fileEncoding = 4; lastKnownFileType = sourcecode.c.h; path = DNFullImageButton.h; sourceTree = "<group>"; };
		EC647CBA1C0EAEE30065C6F1 /* DNFullImageButton.m */ = {isa = PBXFileReference; fileEncoding = 4; lastKnownFileType = sourcecode.c.objc; path = DNFullImageButton.m; sourceTree = "<group>"; };
		EC647CBB1C0EAEE30065C6F1 /* DNSendButton.h */ = {isa = PBXFileReference; fileEncoding = 4; lastKnownFileType = sourcecode.c.h; path = DNSendButton.h; sourceTree = "<group>"; };
		EC647CBC1C0EAEE30065C6F1 /* DNSendButton.m */ = {isa = PBXFileReference; fileEncoding = 4; lastKnownFileType = sourcecode.c.objc; path = DNSendButton.m; sourceTree = "<group>"; };
		EC647CC01C0EAEED0065C6F1 /* UIView+DNImagePicker.h */ = {isa = PBXFileReference; fileEncoding = 4; lastKnownFileType = sourcecode.c.h; path = "UIView+DNImagePicker.h"; sourceTree = "<group>"; };
		EC647CC11C0EAEED0065C6F1 /* UIView+DNImagePicker.m */ = {isa = PBXFileReference; fileEncoding = 4; lastKnownFileType = sourcecode.c.objc; path = "UIView+DNImagePicker.m"; sourceTree = "<group>"; };
		EC647CC31C0EAFA10065C6F1 /* MWTapDetectingImageView.h */ = {isa = PBXFileReference; fileEncoding = 4; lastKnownFileType = sourcecode.c.h; path = MWTapDetectingImageView.h; sourceTree = "<group>"; };
		EC647CC41C0EAFA10065C6F1 /* MWTapDetectingImageView.m */ = {isa = PBXFileReference; fileEncoding = 4; lastKnownFileType = sourcecode.c.objc; path = MWTapDetectingImageView.m; sourceTree = "<group>"; };
		EC647CC51C0EAFA10065C6F1 /* UIColor+Hex.h */ = {isa = PBXFileReference; fileEncoding = 4; lastKnownFileType = sourcecode.c.h; path = "UIColor+Hex.h"; sourceTree = "<group>"; };
		EC647CC61C0EAFA10065C6F1 /* UIColor+Hex.m */ = {isa = PBXFileReference; fileEncoding = 4; lastKnownFileType = sourcecode.c.objc; path = "UIColor+Hex.m"; sourceTree = "<group>"; };
/* End PBXFileReference section */

/* Begin PBXFrameworksBuildPhase section */
		76B977BC1B9846DF009FA150 /* Frameworks */ = {
			isa = PBXFrameworksBuildPhase;
			buildActionMask = 2147483647;
			files = (
			);
			runOnlyForDeploymentPostprocessing = 0;
		};
		76B977D51B9846E0009FA150 /* Frameworks */ = {
			isa = PBXFrameworksBuildPhase;
			buildActionMask = 2147483647;
			files = (
			);
			runOnlyForDeploymentPostprocessing = 0;
		};
/* End PBXFrameworksBuildPhase section */

/* Begin PBXGroup section */
		768914271B9AF28E0016610A /* WeiXinPhoto */ = {
			isa = PBXGroup;
			children = (
				EC647CC31C0EAFA10065C6F1 /* MWTapDetectingImageView.h */,
				EC647CC41C0EAFA10065C6F1 /* MWTapDetectingImageView.m */,
				EC647CC51C0EAFA10065C6F1 /* UIColor+Hex.h */,
				EC647CC61C0EAFA10065C6F1 /* UIColor+Hex.m */,
				EC647CC01C0EAEED0065C6F1 /* UIView+DNImagePicker.h */,
				EC647CC11C0EAEED0065C6F1 /* UIView+DNImagePicker.m */,
				EC647CB71C0EAEE30065C6F1 /* DNBrowserCell.h */,
				EC647CB81C0EAEE30065C6F1 /* DNBrowserCell.m */,
				EC647CB91C0EAEE30065C6F1 /* DNFullImageButton.h */,
				EC647CBA1C0EAEE30065C6F1 /* DNFullImageButton.m */,
				EC647CBB1C0EAEE30065C6F1 /* DNSendButton.h */,
				EC647CBC1C0EAEE30065C6F1 /* DNSendButton.m */,
				EC647CB41C0EA5250065C6F1 /* DNPhotoBrowser.h */,
				EC647CB51C0EA5250065C6F1 /* DNPhotoBrowser.m */,
				7656968C1B995244005E2080 /* SGMAlbumViewController.h */,
				7656968D1B995244005E2080 /* SGMAlbumViewController.m */,
				7656968F1B996B86005E2080 /* SGMPhotosViewController.h */,
				765696901B996B86005E2080 /* SGMPhotosViewController.m */,
				765696921B999038005E2080 /* notSelected.png */,
				765696941B999038005E2080 /* selected.png */,
			);
			name = WeiXinPhoto;
			sourceTree = "<group>";
		};
		76B977B61B9846DF009FA150 = {
			isa = PBXGroup;
			children = (
				76B977C11B9846DF009FA150 /* WeiXinPhoto */,
				76B977DB1B9846E0009FA150 /* WeiXinPhotoTests */,
				76B977C01B9846DF009FA150 /* Products */,
			);
			sourceTree = "<group>";
		};
		76B977C01B9846DF009FA150 /* Products */ = {
			isa = PBXGroup;
			children = (
				76B977BF1B9846DF009FA150 /* WeiXinPhoto.app */,
				76B977D81B9846E0009FA150 /* WeiXinPhotoTests.xctest */,
			);
			name = Products;
			sourceTree = "<group>";
		};
		76B977C11B9846DF009FA150 /* WeiXinPhoto */ = {
			isa = PBXGroup;
			children = (
				768914271B9AF28E0016610A /* WeiXinPhoto */,
				76B977C61B9846DF009FA150 /* AppDelegate.h */,
				76B977C71B9846DF009FA150 /* AppDelegate.m */,
				76B977C91B9846DF009FA150 /* ViewController.h */,
				76B977CA1B9846DF009FA150 /* ViewController.m */,
				76E991BD1B9AF83600C1F64E /* sample.png */,
				76B977CF1B9846DF009FA150 /* Images.xcassets */,
				76B977C21B9846DF009FA150 /* Supporting Files */,
			);
			path = WeiXinPhoto;
			sourceTree = "<group>";
		};
		76B977C21B9846DF009FA150 /* Supporting Files */ = {
			isa = PBXGroup;
			children = (
				76B977C31B9846DF009FA150 /* Info.plist */,
				76B977C41B9846DF009FA150 /* main.m */,
			);
			name = "Supporting Files";
			sourceTree = "<group>";
		};
		76B977DB1B9846E0009FA150 /* WeiXinPhotoTests */ = {
			isa = PBXGroup;
			children = (
				76B977DE1B9846E0009FA150 /* WeiXinPhotoTests.m */,
				76B977DC1B9846E0009FA150 /* Supporting Files */,
			);
			path = WeiXinPhotoTests;
			sourceTree = "<group>";
		};
		76B977DC1B9846E0009FA150 /* Supporting Files */ = {
			isa = PBXGroup;
			children = (
				76B977DD1B9846E0009FA150 /* Info.plist */,
			);
			name = "Supporting Files";
			sourceTree = "<group>";
		};
/* End PBXGroup section */

/* Begin PBXNativeTarget section */
		76B977BE1B9846DF009FA150 /* WeiXinPhoto */ = {
			isa = PBXNativeTarget;
			buildConfigurationList = 76B977E21B9846E0009FA150 /* Build configuration list for PBXNativeTarget "WeiXinPhoto" */;
			buildPhases = (
				76B977BB1B9846DF009FA150 /* Sources */,
				76B977BC1B9846DF009FA150 /* Frameworks */,
				76B977BD1B9846DF009FA150 /* Resources */,
			);
			buildRules = (
			);
			dependencies = (
			);
			name = WeiXinPhoto;
			productName = WeiXinPhoto;
			productReference = 76B977BF1B9846DF009FA150 /* WeiXinPhoto.app */;
			productType = "com.apple.product-type.application";
		};
		76B977D71B9846E0009FA150 /* WeiXinPhotoTests */ = {
			isa = PBXNativeTarget;
			buildConfigurationList = 76B977E51B9846E0009FA150 /* Build configuration list for PBXNativeTarget "WeiXinPhotoTests" */;
			buildPhases = (
				76B977D41B9846E0009FA150 /* Sources */,
				76B977D51B9846E0009FA150 /* Frameworks */,
				76B977D61B9846E0009FA150 /* Resources */,
			);
			buildRules = (
			);
			dependencies = (
				76B977DA1B9846E0009FA150 /* PBXTargetDependency */,
			);
			name = WeiXinPhotoTests;
			productName = WeiXinPhotoTests;
			productReference = 76B977D81B9846E0009FA150 /* WeiXinPhotoTests.xctest */;
			productType = "com.apple.product-type.bundle.unit-test";
		};
/* End PBXNativeTarget section */

/* Begin PBXProject section */
		76B977B71B9846DF009FA150 /* Project object */ = {
			isa = PBXProject;
			attributes = {
				LastUpgradeCheck = 0640;
				ORGANIZATIONNAME = "苏贵明";
				TargetAttributes = {
					76B977BE1B9846DF009FA150 = {
						CreatedOnToolsVersion = 6.4;
						DevelopmentTeam = BMP6K96G6Y;
					};
					76B977D71B9846E0009FA150 = {
						CreatedOnToolsVersion = 6.4;
						TestTargetID = 76B977BE1B9846DF009FA150;
					};
				};
			};
			buildConfigurationList = 76B977BA1B9846DF009FA150 /* Build configuration list for PBXProject "WeiXinPhoto" */;
			compatibilityVersion = "Xcode 3.2";
			developmentRegion = English;
			hasScannedForEncodings = 0;
			knownRegions = (
				en,
				Base,
			);
			mainGroup = 76B977B61B9846DF009FA150;
			productRefGroup = 76B977C01B9846DF009FA150 /* Products */;
			projectDirPath = "";
			projectRoot = "";
			targets = (
				76B977BE1B9846DF009FA150 /* WeiXinPhoto */,
				76B977D71B9846E0009FA150 /* WeiXinPhotoTests */,
			);
		};
/* End PBXProject section */

/* Begin PBXResourcesBuildPhase section */
		76B977BD1B9846DF009FA150 /* Resources */ = {
			isa = PBXResourcesBuildPhase;
			buildActionMask = 2147483647;
			files = (
				765696971B999038005E2080 /* selected.png in Resources */,
				765696951B999038005E2080 /* notSelected.png in Resources */,
				76B977D01B9846DF009FA150 /* Images.xcassets in Resources */,
				76E991BE1B9AF83600C1F64E /* sample.png in Resources */,
			);
			runOnlyForDeploymentPostprocessing = 0;
		};
		76B977D61B9846E0009FA150 /* Resources */ = {
			isa = PBXResourcesBuildPhase;
			buildActionMask = 2147483647;
			files = (
			);
			runOnlyForDeploymentPostprocessing = 0;
		};
/* End PBXResourcesBuildPhase section */

/* Begin PBXSourcesBuildPhase section */
		76B977BB1B9846DF009FA150 /* Sources */ = {
			isa = PBXSourcesBuildPhase;
			buildActionMask = 2147483647;
			files = (
				EC647CC81C0EAFA10065C6F1 /* UIColor+Hex.m in Sources */,
				76B977CB1B9846DF009FA150 /* ViewController.m in Sources */,
				76B977C81B9846DF009FA150 /* AppDelegate.m in Sources */,
				EC647CBD1C0EAEE30065C6F1 /* DNBrowserCell.m in Sources */,
				EC647CC21C0EAEED0065C6F1 /* UIView+DNImagePicker.m in Sources */,
				EC647CBF1C0EAEE30065C6F1 /* DNSendButton.m in Sources */,
				7656968E1B995244005E2080 /* SGMAlbumViewController.m in Sources */,
				EC647CC71C0EAFA10065C6F1 /* MWTapDetectingImageView.m in Sources */,
				765696911B996B86005E2080 /* SGMPhotosViewController.m in Sources */,
				EC647CB61C0EA5250065C6F1 /* DNPhotoBrowser.m in Sources */,
				76B977C51B9846DF009FA150 /* main.m in Sources */,
				EC647CBE1C0EAEE30065C6F1 /* DNFullImageButton.m in Sources */,
			);
			runOnlyForDeploymentPostprocessing = 0;
		};
		76B977D41B9846E0009FA150 /* Sources */ = {
			isa = PBXSourcesBuildPhase;
			buildActionMask = 2147483647;
			files = (
				76B977DF1B9846E0009FA150 /* WeiXinPhotoTests.m in Sources */,
			);
			runOnlyForDeploymentPostprocessing = 0;
		};
/* End PBXSourcesBuildPhase section */

/* Begin PBXTargetDependency section */
		76B977DA1B9846E0009FA150 /* PBXTargetDependency */ = {
			isa = PBXTargetDependency;
			target = 76B977BE1B9846DF009FA150 /* WeiXinPhoto */;
			targetProxy = 76B977D91B9846E0009FA150 /* PBXContainerItemProxy */;
		};
/* End PBXTargetDependency section */

/* Begin XCBuildConfiguration section */
		76B977E01B9846E0009FA150 /* Debug */ = {
			isa = XCBuildConfiguration;
			buildSettings = {
				ALWAYS_SEARCH_USER_PATHS = NO;
				CLANG_CXX_LANGUAGE_STANDARD = "gnu++0x";
				CLANG_CXX_LIBRARY = "libc++";
				CLANG_ENABLE_MODULES = YES;
				CLANG_ENABLE_OBJC_ARC = YES;
				CLANG_WARN_BOOL_CONVERSION = YES;
				CLANG_WARN_CONSTANT_CONVERSION = YES;
				CLANG_WARN_DIRECT_OBJC_ISA_USAGE = YES_ERROR;
				CLANG_WARN_EMPTY_BODY = YES;
				CLANG_WARN_ENUM_CONVERSION = YES;
				CLANG_WARN_INT_CONVERSION = YES;
				CLANG_WARN_OBJC_ROOT_CLASS = YES_ERROR;
				CLANG_WARN_UNREACHABLE_CODE = YES;
				CLANG_WARN__DUPLICATE_METHOD_MATCH = YES;
				"CODE_SIGN_IDENTITY[sdk=iphoneos*]" = "iPhone Developer";
				COPY_PHASE_STRIP = NO;
				DEBUG_INFORMATION_FORMAT = "dwarf-with-dsym";
				ENABLE_STRICT_OBJC_MSGSEND = YES;
				GCC_C_LANGUAGE_STANDARD = gnu99;
				GCC_DYNAMIC_NO_PIC = NO;
				GCC_NO_COMMON_BLOCKS = YES;
				GCC_OPTIMIZATION_LEVEL = 0;
				GCC_PREPROCESSOR_DEFINITIONS = (
					"DEBUG=1",
					"$(inherited)",
				);
				GCC_SYMBOLS_PRIVATE_EXTERN = NO;
				GCC_WARN_64_TO_32_BIT_CONVERSION = YES;
				GCC_WARN_ABOUT_RETURN_TYPE = YES_ERROR;
				GCC_WARN_UNDECLARED_SELECTOR = YES;
				GCC_WARN_UNINITIALIZED_AUTOS = YES_AGGRESSIVE;
				GCC_WARN_UNUSED_FUNCTION = YES;
				GCC_WARN_UNUSED_VARIABLE = YES;
				IPHONEOS_DEPLOYMENT_TARGET = 7.0;
				MTL_ENABLE_DEBUG_INFO = YES;
				ONLY_ACTIVE_ARCH = YES;
				PROVISIONING_PROFILE = "f1b52cd4-bf64-4350-ac8d-e7ca0d3a82d4";
				SDKROOT = iphoneos;
				TARGETED_DEVICE_FAMILY = "1,2";
			};
			name = Debug;
		};
		76B977E11B9846E0009FA150 /* Release */ = {
			isa = XCBuildConfiguration;
			buildSettings = {
				ALWAYS_SEARCH_USER_PATHS = NO;
				CLANG_CXX_LANGUAGE_STANDARD = "gnu++0x";
				CLANG_CXX_LIBRARY = "libc++";
				CLANG_ENABLE_MODULES = YES;
				CLANG_ENABLE_OBJC_ARC = YES;
				CLANG_WARN_BOOL_CONVERSION = YES;
				CLANG_WARN_CONSTANT_CONVERSION = YES;
				CLANG_WARN_DIRECT_OBJC_ISA_USAGE = YES_ERROR;
				CLANG_WARN_EMPTY_BODY = YES;
				CLANG_WARN_ENUM_CONVERSION = YES;
				CLANG_WARN_INT_CONVERSION = YES;
				CLANG_WARN_OBJC_ROOT_CLASS = YES_ERROR;
				CLANG_WARN_UNREACHABLE_CODE = YES;
				CLANG_WARN__DUPLICATE_METHOD_MATCH = YES;
				"CODE_SIGN_IDENTITY[sdk=iphoneos*]" = "iPhone Developer";
				COPY_PHASE_STRIP = NO;
				DEBUG_INFORMATION_FORMAT = "dwarf-with-dsym";
				ENABLE_NS_ASSERTIONS = NO;
				ENABLE_STRICT_OBJC_MSGSEND = YES;
				GCC_C_LANGUAGE_STANDARD = gnu99;
				GCC_NO_COMMON_BLOCKS = YES;
				GCC_WARN_64_TO_32_BIT_CONVERSION = YES;
				GCC_WARN_ABOUT_RETURN_TYPE = YES_ERROR;
				GCC_WARN_UNDECLARED_SELECTOR = YES;
				GCC_WARN_UNINITIALIZED_AUTOS = YES_AGGRESSIVE;
				GCC_WARN_UNUSED_FUNCTION = YES;
				GCC_WARN_UNUSED_VARIABLE = YES;
				IPHONEOS_DEPLOYMENT_TARGET = 7.0;
				MTL_ENABLE_DEBUG_INFO = NO;
				PROVISIONING_PROFILE = "f1b52cd4-bf64-4350-ac8d-e7ca0d3a82d4";
				SDKROOT = iphoneos;
				TARGETED_DEVICE_FAMILY = "1,2";
				VALIDATE_PRODUCT = YES;
			};
			name = Release;
		};
		76B977E31B9846E0009FA150 /* Debug */ = {
			isa = XCBuildConfiguration;
			buildSettings = {
				ASSETCATALOG_COMPILER_APPICON_NAME = AppIcon;
				CODE_SIGN_IDENTITY = "iPhone Developer";
				INFOPLIST_FILE = WeiXinPhoto/Info.plist;
				IPHONEOS_DEPLOYMENT_TARGET = 7.0;
				LD_RUNPATH_SEARCH_PATHS = "$(inherited) @executable_path/Frameworks";
				PRODUCT_BUNDLE_IDENTIFIER = com.mogoroom.renter;
				PRODUCT_NAME = "$(TARGET_NAME)";
				PROVISIONING_PROFILE = "";
			};
			name = Debug;
		};
		76B977E41B9846E0009FA150 /* Release */ = {
			isa = XCBuildConfiguration;
			buildSettings = {
				ASSETCATALOG_COMPILER_APPICON_NAME = AppIcon;
				CODE_SIGN_IDENTITY = "iPhone Developer";
				INFOPLIST_FILE = WeiXinPhoto/Info.plist;
				IPHONEOS_DEPLOYMENT_TARGET = 7.0;
				LD_RUNPATH_SEARCH_PATHS = "$(inherited) @executable_path/Frameworks";
				PRODUCT_BUNDLE_IDENTIFIER = com.mogoroom.renter;
				PRODUCT_NAME = "$(TARGET_NAME)";
				PROVISIONING_PROFILE = "";
			};
			name = Release;
		};
		76B977E61B9846E0009FA150 /* Debug */ = {
			isa = XCBuildConfiguration;
			buildSettings = {
				BUNDLE_LOADER = "$(TEST_HOST)";
				FRAMEWORK_SEARCH_PATHS = (
					"$(SDKROOT)/Developer/Library/Frameworks",
					"$(inherited)",
				);
				GCC_PREPROCESSOR_DEFINITIONS = (
					"DEBUG=1",
					"$(inherited)",
				);
				INFOPLIST_FILE = WeiXinPhotoTests/Info.plist;
				LD_RUNPATH_SEARCH_PATHS = "$(inherited) @executable_path/Frameworks @loader_path/Frameworks";
				PRODUCT_NAME = "$(TARGET_NAME)";
				TEST_HOST = "$(BUILT_PRODUCTS_DIR)/WeiXinPhoto.app/WeiXinPhoto";
			};
			name = Debug;
		};
		76B977E71B9846E0009FA150 /* Release */ = {
			isa = XCBuildConfiguration;
			buildSettings = {
				BUNDLE_LOADER = "$(TEST_HOST)";
				FRAMEWORK_SEARCH_PATHS = (
					"$(SDKROOT)/Developer/Library/Frameworks",
					"$(inherited)",
				);
				INFOPLIST_FILE = WeiXinPhotoTests/Info.plist;
				LD_RUNPATH_SEARCH_PATHS = "$(inherited) @executable_path/Frameworks @loader_path/Frameworks";
				PRODUCT_NAME = "$(TARGET_NAME)";
				TEST_HOST = "$(BUILT_PRODUCTS_DIR)/WeiXinPhoto.app/WeiXinPhoto";
			};
			name = Release;
		};
/* End XCBuildConfiguration section */

/* Begin XCConfigurationList section */
		76B977BA1B9846DF009FA150 /* Build configuration list for PBXProject "WeiXinPhoto" */ = {
			isa = XCConfigurationList;
			buildConfigurations = (
				76B977E01B9846E0009FA150 /* Debug */,
				76B977E11B9846E0009FA150 /* Release */,
			);
			defaultConfigurationIsVisible = 0;
			defaultConfigurationName = Release;
		};
		76B977E21B9846E0009FA150 /* Build configuration list for PBXNativeTarget "WeiXinPhoto" */ = {
			isa = XCConfigurationList;
			buildConfigurations = (
				76B977E31B9846E0009FA150 /* Debug */,
				76B977E41B9846E0009FA150 /* Release */,
			);
			defaultConfigurationIsVisible = 0;
			defaultConfigurationName = Release;
		};
		76B977E51B9846E0009FA150 /* Build configuration list for PBXNativeTarget "WeiXinPhotoTests" */ = {
			isa = XCConfigurationList;
			buildConfigurations = (
				76B977E61B9846E0009FA150 /* Debug */,
				76B977E71B9846E0009FA150 /* Release */,
			);
			defaultConfigurationIsVisible = 0;
			defaultConfigurationName = Release;
		};
/* End XCConfigurationList section */
	};
	rootObject = 76B977B71B9846DF009FA150 /* Project object */;
}
